
Microsoft Visual Studio Solution File, Format Version 12.00
# Visual Studio 15
VisualStudioVersion = 15.0.27703.2026
MinimumVisualStudioVersion = 10.0.40219.1
Project("{FAE04EC0-301F-11D3-BF4B-00C04F79EFBC}") = "MoviesHub", "MoviesHub\MoviesHub.csproj", "{1565A8C6-9E82-406F-A23B-17DF02BE244F}"
EndProject
Global
	GlobalSection(SolutionConfigurationPlatforms) = preSolution
		Debug|Any CPU = Debug|Any CPU
		Release|Any CPU = Release|Any CPU
	EndGlobalSection
	GlobalSection(ProjectConfigurationPlatforms) = postSolution
		{1565A8C6-9E82-406F-A23B-17DF02BE244F}.Debug|Any CPU.ActiveCfg = Debug|Any CPU
		{1565A8C6-9E82-406F-A23B-17DF02BE244F}.Debug|Any CPU.Build.0 = Debug|Any CPU
		{1565A8C6-9E82-406F-A23B-17DF02BE244F}.Release|Any CPU.ActiveCfg = Release|Any CPU
		{1565A8C6-9E82-406F-A23B-17DF02BE244F}.Release|Any CPU.Build.0 = Release|Any CPU
	EndGlobalSection
	GlobalSection(SolutionProperties) = preSolution
		HideSolutionNode = FALSE
	EndGlobalSection
	GlobalSection(ExtensibilityGlobals) = postSolution
		SolutionGuid = {D73B59AF-4E8D-44C9-A9A4-231A1E30DDD7}
	EndGlobalSection
EndGlobal
